
Microsoft Visual Studio Solution File, Format Version 12.00
# Visual Studio Version 17
VisualStudioVersion = 17.4.33213.308
MinimumVisualStudioVersion = 10.0.40219.1
Project("{FAE04EC0-301F-11D3-BF4B-00C04F79EFBC}") = "ConsoleApp2", "ConsoleApp2\ConsoleApp2.csproj", "{53A843D6-E445-419F-B2B7-42F452A8878D}"
EndProject
Global
	GlobalSection(SolutionConfigurationPlatforms) = preSolution
		Debug|Any CPU = Debug|Any CPU
		Release|Any CPU = Release|Any CPU
	EndGlobalSection
	GlobalSection(ProjectConfigurationPlatforms) = postSolution
		{53A843D6-E445-419F-B2B7-42F452A8878D}.Debug|Any CPU.ActiveCfg = Debug|Any CPU
		{53A843D6-E445-419F-B2B7-42F452A8878D}.Debug|Any CPU.Build.0 = Debug|Any CPU
		{53A843D6-E445-419F-B2B7-42F452A8878D}.Release|Any CPU.ActiveCfg = Release|Any CPU
		{53A843D6-E445-419F-B2B7-42F452A8878D}.Release|Any CPU.Build.0 = Release|Any CPU
	EndGlobalSection
	GlobalSection(SolutionProperties) = preSolution
		HideSolutionNode = FALSE
	EndGlobalSection
	GlobalSection(ExtensibilityGlobals) = postSolution
		SolutionGuid = {B571A72B-7A29-4608-848F-0298497194F8}
	EndGlobalSection
EndGlobal
