
Microsoft Visual Studio Solution File, Format Version 12.00
# Visual Studio Version 17
VisualStudioVersion = 17.4.33213.308
MinimumVisualStudioVersion = 10.0.40219.1
Project("{FAE04EC0-301F-11D3-BF4B-00C04F79EFBC}") = "linqexc", "linqexc\linqexc.csproj", "{514CF68E-7F97-47CC-9C87-964230F0586C}"
EndProject
Global
	GlobalSection(SolutionConfigurationPlatforms) = preSolution
		Debug|Any CPU = Debug|Any CPU
		Release|Any CPU = Release|Any CPU
	EndGlobalSection
	GlobalSection(ProjectConfigurationPlatforms) = postSolution
		{514CF68E-7F97-47CC-9C87-964230F0586C}.Debug|Any CPU.ActiveCfg = Debug|Any CPU
		{514CF68E-7F97-47CC-9C87-964230F0586C}.Debug|Any CPU.Build.0 = Debug|Any CPU
		{514CF68E-7F97-47CC-9C87-964230F0586C}.Release|Any CPU.ActiveCfg = Release|Any CPU
		{514CF68E-7F97-47CC-9C87-964230F0586C}.Release|Any CPU.Build.0 = Release|Any CPU
	EndGlobalSection
	GlobalSection(SolutionProperties) = preSolution
		HideSolutionNode = FALSE
	EndGlobalSection
	GlobalSection(ExtensibilityGlobals) = postSolution
		SolutionGuid = {A06C8596-B21F-48FA-BFE6-CAB6D8154107}
	EndGlobalSection
EndGlobal
