
Microsoft Visual Studio Solution File, Format Version 12.00
# Visual Studio Version 17
VisualStudioVersion = 17.4.33213.308
MinimumVisualStudioVersion = 10.0.40219.1
Project("{FAE04EC0-301F-11D3-BF4B-00C04F79EFBC}") = "adodotnet", "adodotnet\adodotnet.csproj", "{09C0A4B4-9247-4D43-9CC9-C428F204504A}"
EndProject
Global
	GlobalSection(SolutionConfigurationPlatforms) = preSolution
		Debug|Any CPU = Debug|Any CPU
		Release|Any CPU = Release|Any CPU
	EndGlobalSection
	GlobalSection(ProjectConfigurationPlatforms) = postSolution
		{09C0A4B4-9247-4D43-9CC9-C428F204504A}.Debug|Any CPU.ActiveCfg = Debug|Any CPU
		{09C0A4B4-9247-4D43-9CC9-C428F204504A}.Debug|Any CPU.Build.0 = Debug|Any CPU
		{09C0A4B4-9247-4D43-9CC9-C428F204504A}.Release|Any CPU.ActiveCfg = Release|Any CPU
		{09C0A4B4-9247-4D43-9CC9-C428F204504A}.Release|Any CPU.Build.0 = Release|Any CPU
	EndGlobalSection
	GlobalSection(SolutionProperties) = preSolution
		HideSolutionNode = FALSE
	EndGlobalSection
	GlobalSection(ExtensibilityGlobals) = postSolution
		SolutionGuid = {6431EA37-C7EF-49E3-AE78-8D4BF79DCC2B}
	EndGlobalSection
EndGlobal
