
Microsoft Visual Studio Solution File, Format Version 12.00
# Visual Studio Version 17
VisualStudioVersion = 17.4.33213.308
MinimumVisualStudioVersion = 10.0.40219.1
Project("{FAE04EC0-301F-11D3-BF4B-00C04F79EFBC}") = "ConsoleApp1", "ConsoleApp1\ConsoleApp1.csproj", "{B1A2E463-35DB-40BE-91D0-3CC45B624D6F}"
EndProject
Global
	GlobalSection(SolutionConfigurationPlatforms) = preSolution
		Debug|Any CPU = Debug|Any CPU
		Release|Any CPU = Release|Any CPU
	EndGlobalSection
	GlobalSection(ProjectConfigurationPlatforms) = postSolution
		{B1A2E463-35DB-40BE-91D0-3CC45B624D6F}.Debug|Any CPU.ActiveCfg = Debug|Any CPU
		{B1A2E463-35DB-40BE-91D0-3CC45B624D6F}.Debug|Any CPU.Build.0 = Debug|Any CPU
		{B1A2E463-35DB-40BE-91D0-3CC45B624D6F}.Release|Any CPU.ActiveCfg = Release|Any CPU
		{B1A2E463-35DB-40BE-91D0-3CC45B624D6F}.Release|Any CPU.Build.0 = Release|Any CPU
	EndGlobalSection
	GlobalSection(SolutionProperties) = preSolution
		HideSolutionNode = FALSE
	EndGlobalSection
	GlobalSection(ExtensibilityGlobals) = postSolution
		SolutionGuid = {43D966A7-EEC3-4EAF-98B2-77C409684940}
	EndGlobalSection
EndGlobal
