
Microsoft Visual Studio Solution File, Format Version 12.00
# Visual Studio Version 17
VisualStudioVersion = 17.4.33213.308
MinimumVisualStudioVersion = 10.0.40219.1
Project("{FAE04EC0-301F-11D3-BF4B-00C04F79EFBC}") = "DesignPattern1", "DesignPattern1\DesignPattern1.csproj", "{D7B2E20C-4A30-4F11-AC2E-57DE03D56A14}"
EndProject
Global
	GlobalSection(SolutionConfigurationPlatforms) = preSolution
		Debug|Any CPU = Debug|Any CPU
		Release|Any CPU = Release|Any CPU
	EndGlobalSection
	GlobalSection(ProjectConfigurationPlatforms) = postSolution
		{D7B2E20C-4A30-4F11-AC2E-57DE03D56A14}.Debug|Any CPU.ActiveCfg = Debug|Any CPU
		{D7B2E20C-4A30-4F11-AC2E-57DE03D56A14}.Debug|Any CPU.Build.0 = Debug|Any CPU
		{D7B2E20C-4A30-4F11-AC2E-57DE03D56A14}.Release|Any CPU.ActiveCfg = Release|Any CPU
		{D7B2E20C-4A30-4F11-AC2E-57DE03D56A14}.Release|Any CPU.Build.0 = Release|Any CPU
	EndGlobalSection
	GlobalSection(SolutionProperties) = preSolution
		HideSolutionNode = FALSE
	EndGlobalSection
	GlobalSection(ExtensibilityGlobals) = postSolution
		SolutionGuid = {33676E6B-125D-45B4-9F10-7BF4C6FFE572}
	EndGlobalSection
EndGlobal
